PODS:
  - Alamofire (5.4.1)
  - Kingfisher (6.1.1)
  - Moya (14.0.0):
    - Moya/Core (= 14.0.0)
  - Moya/Core (14.0.0):
    - Alamofire (~> 5.0)
  - NVActivityIndicatorView (5.1.1):
    - NVActivityIndicatorView/Base (= 5.1.1)
  - NVActivityIndicatorView/Base (5.1.1)
  - Pageboy (3.6.2)
  - R.swift (5.3.1):
    - R.swift.Library (~> 5.3.0)
  - R.swift.Library (5.3.0)
  - ShimmerSwift (2.1.1)
  - SwiftDate (6.3.1)
  - SwiftLint (0.42.0)
  - SwiftyJSON (5.0.0)
  - Tabman (2.10.0):
    - Pageboy (~> 3.6.0)
  - TinyConstraints (4.0.1)

DEPENDENCIES:
  - Kingfisher
  - Moya
  - NVActivityIndicatorView
  - R.swift
  - ShimmerSwift
  - SwiftDate
  - SwiftLint
  - SwiftyJSON (~> 5.0)
  - Tabman (~> 2.10.0)
  - TinyConstraints (~> 4.0.1)

SPEC REPOS:
  trunk:
    - Alamofire
    - Kingfisher
    - Moya
    - NVActivityIndicatorView
    - Pageboy
    - R.swift
    - R.swift.Library
    - ShimmerSwift
    - SwiftDate
    - SwiftLint
    - SwiftyJSON
    - Tabman
    - TinyConstraints

SPEC CHECKSUMS:
  Alamofire: 2291f7d21ca607c491dd17642e5d40fdcda0e65c
  Kingfisher: 676d63307fbef6ed5d5ed400bff36983480d7500
  Moya: 5b45dacb75adb009f97fde91c204c1e565d31916
  NVActivityIndicatorView: 1f6c5687f1171810aa27a3296814dc2d7dec3667
  Pageboy: cf121b9dd48c63f3f281b2a9ec93d02e0f23879b
  R.swift: 56ec7e3aef34b9eee47a659e42462db2c1cc5ac3
  R.swift.Library: 0fc583cb55a99e28901299cc451614cad1161962
  ShimmerSwift: f7ed2daf9c246de8299dfd9e12c6ab465cba9842
  SwiftDate: 72d28954e8e1c6c1c0f917ccc8005e4f83c7d4b2
  SwiftLint: 4fa9579c63416865179bc416f0a92d55f009600d
  SwiftyJSON: 36413e04c44ee145039d332b4f4e2d3e8d6c4db7
  Tabman: d8d6ab0b483c7db375a71ac227d3ef791b56a049
  TinyConstraints: 8dd91295e56797648c7bc335dd20e1d91ec4c192

PODFILE CHECKSUM: 12c36bc83c8dd00ddec0f4601bca4b72d156e60e

COCOAPODS: 1.10.1
