// !$*UTF8*$!
{
	archiveVersion = 1;
	classes = {
	};
	objectVersion = 51;
	objects = {

/* Begin PBXBuildFile section */
		0F224693EB23D758220D3373 /* Pods_UITabsDemo.framework in Frameworks */ = {isa = PBXBuildFile; fileRef = 502DED24CFB9140DFC22B270 /* Pods_UITabsDemo.framework */; };
		40730D2425E6F64A00E945E1 /* TopBarButton.swift in Sources */ = {isa = PBXBuildFile; fileRef = 40730D2325E6F64A00E945E1 /* TopBarButton.swift */; };
		40730D2925E6F67D00E945E1 /* BarIndicatorView.swift in Sources */ = {isa = PBXBuildFile; fileRef = 40730D2825E6F67D00E945E1 /* BarIndicatorView.swift */; };
		40730D3825E7006000E945E1 /* Typealiases.swift in Sources */ = {isa = PBXBuildFile; fileRef = 40730D3725E7006000E945E1 /* Typealiases.swift */; };
		40730D4025E7008500E945E1 /* UIViewController+Ext.swift in Sources */ = {isa = PBXBuildFile; fileRef = 40730D3F25E7008500E945E1 /* UIViewController+Ext.swift */; };
		40730D4525E700B100E945E1 /* UIImageView+Ext.swift in Sources */ = {isa = PBXBuildFile; fileRef = 40730D4425E700B100E945E1 /* UIImageView+Ext.swift */; };
		40730D4A25E7011000E945E1 /* Localizable.strings in Resources */ = {isa = PBXBuildFile; fileRef = 40730D4925E7011000E945E1 /* Localizable.strings */; };
		40C20B6425EABE5D006DBD51 /* HapticHelper.swift in Sources */ = {isa = PBXBuildFile; fileRef = 40C20B6325EABE5D006DBD51 /* HapticHelper.swift */; };
		40C20B6925EAC997006DBD51 /* Collection+Ext.swift in Sources */ = {isa = PBXBuildFile; fileRef = 40C20B6825EAC997006DBD51 /* Collection+Ext.swift */; };
		40C20B6E25EAD55B006DBD51 /* GCD.swift in Sources */ = {isa = PBXBuildFile; fileRef = 40C20B6D25EAD55B006DBD51 /* GCD.swift */; };
		40C20B7325EAD7B7006DBD51 /* NetworkClientProtocol.swift in Sources */ = {isa = PBXBuildFile; fileRef = 40C20B7225EAD7B7006DBD51 /* NetworkClientProtocol.swift */; };
		40C20B7825EAD7E9006DBD51 /* LoadDataServiceProtocol.swift in Sources */ = {isa = PBXBuildFile; fileRef = 40C20B7725EAD7E9006DBD51 /* LoadDataServiceProtocol.swift */; };
		40C20B8025EAD80B006DBD51 /* DateFormatterProtocol.swift in Sources */ = {isa = PBXBuildFile; fileRef = 40C20B7F25EAD80B006DBD51 /* DateFormatterProtocol.swift */; };
		40D8F5D425EA4F1B006F0757 /* SeparatorView.swift in Sources */ = {isa = PBXBuildFile; fileRef = 40D8F5D325EA4F1B006F0757 /* SeparatorView.swift */; };
		40D8F5D925EA4F49006F0757 /* UIView+Ext.swift in Sources */ = {isa = PBXBuildFile; fileRef = 40D8F5D825EA4F49006F0757 /* UIView+Ext.swift */; };
		40D8F5DE25EA4F71006F0757 /* Optional.swift in Sources */ = {isa = PBXBuildFile; fileRef = 40D8F5DD25EA4F71006F0757 /* Optional.swift */; };
		40D8F5EA25EA553E006F0757 /* TabbedController.swift in Sources */ = {isa = PBXBuildFile; fileRef = 40D8F5E925EA553E006F0757 /* TabbedController.swift */; };
		40D8F5F325EA8596006F0757 /* NetworkClient.swift in Sources */ = {isa = PBXBuildFile; fileRef = 40D8F5F225EA8596006F0757 /* NetworkClient.swift */; };
		40D8F5FB25EA85EA006F0757 /* LoadDataService.swift in Sources */ = {isa = PBXBuildFile; fileRef = 40D8F5FA25EA85EA006F0757 /* LoadDataService.swift */; };
		40D8F60125EA862A006F0757 /* Entity.swift in Sources */ = {isa = PBXBuildFile; fileRef = 40D8F60025EA862A006F0757 /* Entity.swift */; };
		40D8F60A25EA86A1006F0757 /* DateFormatterHelper.swift in Sources */ = {isa = PBXBuildFile; fileRef = 40D8F60925EA86A1006F0757 /* DateFormatterHelper.swift */; };
		40D8F60F25EA86C7006F0757 /* ListViewModel.swift in Sources */ = {isa = PBXBuildFile; fileRef = 40D8F60E25EA86C7006F0757 /* ListViewModel.swift */; };
		40D8F61525EA877F006F0757 /* LoadDataServiceMock.swift in Sources */ = {isa = PBXBuildFile; fileRef = 40D8F61425EA877F006F0757 /* LoadDataServiceMock.swift */; };
		40D8F61D25EA87A5006F0757 /* DateFormatterHelperMock.swift in Sources */ = {isa = PBXBuildFile; fileRef = 40D8F61C25EA87A5006F0757 /* DateFormatterHelperMock.swift */; };
		40D8F62225EA87C9006F0757 /* ListViewModelDelegateMock.swift in Sources */ = {isa = PBXBuildFile; fileRef = 40D8F62125EA87C9006F0757 /* ListViewModelDelegateMock.swift */; };
		40D8F63525EA8DA3006F0757 /* TMBarView+Ext.swift in Sources */ = {isa = PBXBuildFile; fileRef = 40D8F63425EA8DA3006F0757 /* TMBarView+Ext.swift */; };
		40D8F64C25EA9D30006F0757 /* JSONRepresentable.swift in Sources */ = {isa = PBXBuildFile; fileRef = 40D8F64B25EA9D30006F0757 /* JSONRepresentable.swift */; };
		40D8F67925EAA963006F0757 /* RootEntity.swift in Sources */ = {isa = PBXBuildFile; fileRef = 40D8F67825EAA963006F0757 /* RootEntity.swift */; };
		40D8F67E25EAA981006F0757 /* Event.swift in Sources */ = {isa = PBXBuildFile; fileRef = 40D8F67D25EAA981006F0757 /* Event.swift */; };
		40D8F68625EAB434006F0757 /* EventContainer.swift in Sources */ = {isa = PBXBuildFile; fileRef = 40D8F68525EAB434006F0757 /* EventContainer.swift */; };
		40E6DD1925DFC67300F5C0B6 /* AppDelegate.swift in Sources */ = {isa = PBXBuildFile; fileRef = 40E6DD1825DFC67300F5C0B6 /* AppDelegate.swift */; };
		40E6DD1D25DFC67300F5C0B6 /* RootViewController.swift in Sources */ = {isa = PBXBuildFile; fileRef = 40E6DD1C25DFC67300F5C0B6 /* RootViewController.swift */; };
		40E6DD2025DFC67300F5C0B6 /* Main.storyboard in Resources */ = {isa = PBXBuildFile; fileRef = 40E6DD1E25DFC67300F5C0B6 /* Main.storyboard */; };
		40E6DD2225DFC67400F5C0B6 /* Assets.xcassets in Resources */ = {isa = PBXBuildFile; fileRef = 40E6DD2125DFC67400F5C0B6 /* Assets.xcassets */; };
		40E6DD2525DFC67400F5C0B6 /* LaunchScreen.storyboard in Resources */ = {isa = PBXBuildFile; fileRef = 40E6DD2325DFC67400F5C0B6 /* LaunchScreen.storyboard */; };
		40E6DD3025DFC67500F5C0B6 /* UITabsDemoTests.swift in Sources */ = {isa = PBXBuildFile; fileRef = 40E6DD2F25DFC67500F5C0B6 /* UITabsDemoTests.swift */; };
		40E6DD3B25DFC67500F5C0B6 /* UITabsDemoUITests.swift in Sources */ = {isa = PBXBuildFile; fileRef = 40E6DD3A25DFC67500F5C0B6 /* UITabsDemoUITests.swift */; };
		40E6DD9425DFCB4000F5C0B6 /* R.generated.swift in Sources */ = {isa = PBXBuildFile; fileRef = 40E6DD9325DFCB4000F5C0B6 /* R.generated.swift */; };
		AB63AA4F25E4ECB8009AB761 /* MainCell.swift in Sources */ = {isa = PBXBuildFile; fileRef = AB63AA4D25E4ECB8009AB761 /* MainCell.swift */; };
		AB63AA5025E4ECB8009AB761 /* MainCell.xib in Resources */ = {isa = PBXBuildFile; fileRef = AB63AA4E25E4ECB8009AB761 /* MainCell.xib */; };
		AB63AA5625E4FD2E009AB761 /* SeparatorCell.swift in Sources */ = {isa = PBXBuildFile; fileRef = AB63AA5425E4FD2E009AB761 /* SeparatorCell.swift */; };
		AB63AA5725E4FD2E009AB761 /* SeparatorCell.xib in Resources */ = {isa = PBXBuildFile; fileRef = AB63AA5525E4FD2E009AB761 /* SeparatorCell.xib */; };
		AB63AA5D25E50607009AB761 /* SkeletonCell.swift in Sources */ = {isa = PBXBuildFile; fileRef = AB63AA5B25E50607009AB761 /* SkeletonCell.swift */; };
		AB63AA5E25E50607009AB761 /* SkeletonCell.xib in Resources */ = {isa = PBXBuildFile; fileRef = AB63AA5C25E50607009AB761 /* SkeletonCell.xib */; };
		AB63AA6525E50B0D009AB761 /* EmptyStubsCell.swift in Sources */ = {isa = PBXBuildFile; fileRef = AB63AA6325E50B0D009AB761 /* EmptyStubsCell.swift */; };
		AB63AA6625E50B0D009AB761 /* EmptyStubsCell.xib in Resources */ = {isa = PBXBuildFile; fileRef = AB63AA6425E50B0D009AB761 /* EmptyStubsCell.xib */; };
		AB97EA5825E50D6300F4C323 /* ConnectionStubsCell.swift in Sources */ = {isa = PBXBuildFile; fileRef = AB97EA5625E50D6300F4C323 /* ConnectionStubsCell.swift */; };
		AB97EA5925E50D6300F4C323 /* ConnectionStubsCell.xib in Resources */ = {isa = PBXBuildFile; fileRef = AB97EA5725E50D6300F4C323 /* ConnectionStubsCell.xib */; };
		AB97EA5F25E50F9800F4C323 /* WrongStubsCell.swift in Sources */ = {isa = PBXBuildFile; fileRef = AB97EA5D25E50F9800F4C323 /* WrongStubsCell.swift */; };
		AB97EA6025E50F9800F4C323 /* WrongStubsCell.xib in Resources */ = {isa = PBXBuildFile; fileRef = AB97EA5E25E50F9800F4C323 /* WrongStubsCell.xib */; };
		AB97EA6625E518A100F4C323 /* MonthHeaderCell.swift in Sources */ = {isa = PBXBuildFile; fileRef = AB97EA6425E518A100F4C323 /* MonthHeaderCell.swift */; };
		AB97EA6725E518A100F4C323 /* MonthHeaderCell.xib in Resources */ = {isa = PBXBuildFile; fileRef = AB97EA6525E518A100F4C323 /* MonthHeaderCell.xib */; };
		ABCB193325DFF1120096A708 /* OptionsVC.swift in Sources */ = {isa = PBXBuildFile; fileRef = ABCB193225DFF1120096A708 /* OptionsVC.swift */; };
		ABCB193C25E017880096A708 /* UpcomingVC.swift in Sources */ = {isa = PBXBuildFile; fileRef = ABCB193B25E017880096A708 /* UpcomingVC.swift */; };
		ABCB194425E017FF0096A708 /* ArchivedVC.swift in Sources */ = {isa = PBXBuildFile; fileRef = ABCB194325E017FF0096A708 /* ArchivedVC.swift */; };
		E397C294351D320D50C3F781 /* Pods_UITabsDemoTests.framework in Frameworks */ = {isa = PBXBuildFile; fileRef = F0C277E6053DC4C3F31592FF /* Pods_UITabsDemoTests.framework */; };
/* End PBXBuildFile section */

/* Begin PBXContainerItemProxy section */
		40E6DD2C25DFC67500F5C0B6 /* PBXContainerItemProxy */ = {
			isa = PBXContainerItemProxy;
			containerPortal = 40E6DD0D25DFC67300F5C0B6 /* Project object */;
			proxyType = 1;
			remoteGlobalIDString = 40E6DD1425DFC67300F5C0B6;
			remoteInfo = UITabsDemo;
		};
		40E6DD3725DFC67500F5C0B6 /* PBXContainerItemProxy */ = {
			isa = PBXContainerItemProxy;
			containerPortal = 40E6DD0D25DFC67300F5C0B6 /* Project object */;
			proxyType = 1;
			remoteGlobalIDString = 40E6DD1425DFC67300F5C0B6;
			remoteInfo = UITabsDemo;
		};
/* End PBXContainerItemProxy section */

/* Begin PBXFileReference section */
		40730D2325E6F64A00E945E1 /* TopBarButton.swift */ = {isa = PBXFileReference; lastKnownFileType = sourcecode.swift; path = TopBarButton.swift; sourceTree = "<group>"; };
		40730D2825E6F67D00E945E1 /* BarIndicatorView.swift */ = {isa = PBXFileReference; lastKnownFileType = sourcecode.swift; path = BarIndicatorView.swift; sourceTree = "<group>"; };
		40730D3725E7006000E945E1 /* Typealiases.swift */ = {isa = PBXFileReference; lastKnownFileType = sourcecode.swift; path = Typealiases.swift; sourceTree = "<group>"; };
		40730D3F25E7008500E945E1 /* UIViewController+Ext.swift */ = {isa = PBXFileReference; lastKnownFileType = sourcecode.swift; path = "UIViewController+Ext.swift"; sourceTree = "<group>"; };
		40730D4425E700B100E945E1 /* UIImageView+Ext.swift */ = {isa = PBXFileReference; lastKnownFileType = sourcecode.swift; path = "UIImageView+Ext.swift"; sourceTree = "<group>"; };
		40730D4925E7011000E945E1 /* Localizable.strings */ = {isa = PBXFileReference; fileEncoding = 4; lastKnownFileType = text.plist.strings; path = Localizable.strings; sourceTree = "<group>"; };
		40C20B6325EABE5D006DBD51 /* HapticHelper.swift */ = {isa = PBXFileReference; lastKnownFileType = sourcecode.swift; path = HapticHelper.swift; sourceTree = "<group>"; };
		40C20B6825EAC997006DBD51 /* Collection+Ext.swift */ = {isa = PBXFileReference; lastKnownFileType = sourcecode.swift; path = "Collection+Ext.swift"; sourceTree = "<group>"; };
		40C20B6D25EAD55B006DBD51 /* GCD.swift */ = {isa = PBXFileReference; lastKnownFileType = sourcecode.swift; path = GCD.swift; sourceTree = "<group>"; };
		40C20B7225EAD7B7006DBD51 /* NetworkClientProtocol.swift */ = {isa = PBXFileReference; lastKnownFileType = sourcecode.swift; path = NetworkClientProtocol.swift; sourceTree = "<group>"; };
		40C20B7725EAD7E9006DBD51 /* LoadDataServiceProtocol.swift */ = {isa = PBXFileReference; lastKnownFileType = sourcecode.swift; path = LoadDataServiceProtocol.swift; sourceTree = "<group>"; };
		40C20B7F25EAD80B006DBD51 /* DateFormatterProtocol.swift */ = {isa = PBXFileReference; lastKnownFileType = sourcecode.swift; path = DateFormatterProtocol.swift; sourceTree = "<group>"; };
		40D8F5D325EA4F1B006F0757 /* SeparatorView.swift */ = {isa = PBXFileReference; lastKnownFileType = sourcecode.swift; path = SeparatorView.swift; sourceTree = "<group>"; };
		40D8F5D825EA4F49006F0757 /* UIView+Ext.swift */ = {isa = PBXFileReference; lastKnownFileType = sourcecode.swift; path = "UIView+Ext.swift"; sourceTree = "<group>"; };
		40D8F5DD25EA4F71006F0757 /* Optional.swift */ = {isa = PBXFileReference; lastKnownFileType = sourcecode.swift; path = Optional.swift; sourceTree = "<group>"; };
		40D8F5E925EA553E006F0757 /* TabbedController.swift */ = {isa = PBXFileReference; lastKnownFileType = sourcecode.swift; path = TabbedController.swift; sourceTree = "<group>"; };
		40D8F5F225EA8596006F0757 /* NetworkClient.swift */ = {isa = PBXFileReference; lastKnownFileType = sourcecode.swift; path = NetworkClient.swift; sourceTree = "<group>"; };
		40D8F5FA25EA85EA006F0757 /* LoadDataService.swift */ = {isa = PBXFileReference; lastKnownFileType = sourcecode.swift; path = LoadDataService.swift; sourceTree = "<group>"; };
		40D8F60025EA862A006F0757 /* Entity.swift */ = {isa = PBXFileReference; lastKnownFileType = sourcecode.swift; path = Entity.swift; sourceTree = "<group>"; };
		40D8F60925EA86A1006F0757 /* DateFormatterHelper.swift */ = {isa = PBXFileReference; lastKnownFileType = sourcecode.swift; path = DateFormatterHelper.swift; sourceTree = "<group>"; };
		40D8F60E25EA86C7006F0757 /* ListViewModel.swift */ = {isa = PBXFileReference; lastKnownFileType = sourcecode.swift; path = ListViewModel.swift; sourceTree = "<group>"; };
		40D8F61425EA877F006F0757 /* LoadDataServiceMock.swift */ = {isa = PBXFileReference; lastKnownFileType = sourcecode.swift; path = LoadDataServiceMock.swift; sourceTree = "<group>"; };
		40D8F61C25EA87A5006F0757 /* DateFormatterHelperMock.swift */ = {isa = PBXFileReference; lastKnownFileType = sourcecode.swift; path = DateFormatterHelperMock.swift; sourceTree = "<group>"; };
		40D8F62125EA87C9006F0757 /* ListViewModelDelegateMock.swift */ = {isa = PBXFileReference; lastKnownFileType = sourcecode.swift; path = ListViewModelDelegateMock.swift; sourceTree = "<group>"; };
		40D8F63425EA8DA3006F0757 /* TMBarView+Ext.swift */ = {isa = PBXFileReference; lastKnownFileType = sourcecode.swift; path = "TMBarView+Ext.swift"; sourceTree = "<group>"; };
		40D8F64B25EA9D30006F0757 /* JSONRepresentable.swift */ = {isa = PBXFileReference; lastKnownFileType = sourcecode.swift; path = JSONRepresentable.swift; sourceTree = "<group>"; };
		40D8F67825EAA963006F0757 /* RootEntity.swift */ = {isa = PBXFileReference; lastKnownFileType = sourcecode.swift; path = RootEntity.swift; sourceTree = "<group>"; };
		40D8F67D25EAA981006F0757 /* Event.swift */ = {isa = PBXFileReference; lastKnownFileType = sourcecode.swift; path = Event.swift; sourceTree = "<group>"; };
		40D8F68525EAB434006F0757 /* EventContainer.swift */ = {isa = PBXFileReference; lastKnownFileType = sourcecode.swift; path = EventContainer.swift; sourceTree = "<group>"; };
		40E6DD1525DFC67300F5C0B6 /* UITabsDemo.app */ = {isa = PBXFileReference; explicitFileType = wrapper.application; includeInIndex = 0; path = UITabsDemo.app; sourceTree = BUILT_PRODUCTS_DIR; };
		40E6DD1825DFC67300F5C0B6 /* AppDelegate.swift */ = {isa = PBXFileReference; lastKnownFileType = sourcecode.swift; path = AppDelegate.swift; sourceTree = "<group>"; };
		40E6DD1C25DFC67300F5C0B6 /* RootViewController.swift */ = {isa = PBXFileReference; lastKnownFileType = sourcecode.swift; path = RootViewController.swift; sourceTree = "<group>"; };
		40E6DD1F25DFC67300F5C0B6 /* Base */ = {isa = PBXFileReference; lastKnownFileType = file.storyboard; name = Base; path = Base.lproj/Main.storyboard; sourceTree = "<group>"; };
		40E6DD2125DFC67400F5C0B6 /* Assets.xcassets */ = {isa = PBXFileReference; lastKnownFileType = folder.assetcatalog; path = Assets.xcassets; sourceTree = "<group>"; };
		40E6DD2425DFC67400F5C0B6 /* Base */ = {isa = PBXFileReference; lastKnownFileType = file.storyboard; name = Base; path = Base.lproj/LaunchScreen.storyboard; sourceTree = "<group>"; };
		40E6DD2625DFC67400F5C0B6 /* Info.plist */ = {isa = PBXFileReference; lastKnownFileType = text.plist.xml; path = Info.plist; sourceTree = "<group>"; };
		40E6DD2B25DFC67500F5C0B6 /* UITabsDemoTests.xctest */ = {isa = PBXFileReference; explicitFileType = wrapper.cfbundle; includeInIndex = 0; path = UITabsDemoTests.xctest; sourceTree = BUILT_PRODUCTS_DIR; };
		40E6DD2F25DFC67500F5C0B6 /* UITabsDemoTests.swift */ = {isa = PBXFileReference; lastKnownFileType = sourcecode.swift; path = UITabsDemoTests.swift; sourceTree = "<group>"; };
		40E6DD3125DFC67500F5C0B6 /* Info.plist */ = {isa = PBXFileReference; lastKnownFileType = text.plist.xml; path = Info.plist; sourceTree = "<group>"; };
		40E6DD3625DFC67500F5C0B6 /* UITabsDemoUITests.xctest */ = {isa = PBXFileReference; explicitFileType = wrapper.cfbundle; includeInIndex = 0; path = UITabsDemoUITests.xctest; sourceTree = BUILT_PRODUCTS_DIR; };
		40E6DD3A25DFC67500F5C0B6 /* UITabsDemoUITests.swift */ = {isa = PBXFileReference; lastKnownFileType = sourcecode.swift; path = UITabsDemoUITests.swift; sourceTree = "<group>"; };
		40E6DD3C25DFC67500F5C0B6 /* Info.plist */ = {isa = PBXFileReference; lastKnownFileType = text.plist.xml; path = Info.plist; sourceTree = "<group>"; };
		40E6DD9325DFCB4000F5C0B6 /* R.generated.swift */ = {isa = PBXFileReference; fileEncoding = 4; lastKnownFileType = sourcecode.swift; path = R.generated.swift; sourceTree = "<group>"; };
		502DED24CFB9140DFC22B270 /* Pods_UITabsDemo.framework */ = {isa = PBXFileReference; explicitFileType = wrapper.framework; includeInIndex = 0; path = Pods_UITabsDemo.framework; sourceTree = BUILT_PRODUCTS_DIR; };
		AB63AA4D25E4ECB8009AB761 /* MainCell.swift */ = {isa = PBXFileReference; lastKnownFileType = sourcecode.swift; path = MainCell.swift; sourceTree = "<group>"; };
		AB63AA4E25E4ECB8009AB761 /* MainCell.xib */ = {isa = PBXFileReference; lastKnownFileType = file.xib; path = MainCell.xib; sourceTree = "<group>"; };
		AB63AA5425E4FD2E009AB761 /* SeparatorCell.swift */ = {isa = PBXFileReference; lastKnownFileType = sourcecode.swift; path = SeparatorCell.swift; sourceTree = "<group>"; };
		AB63AA5525E4FD2E009AB761 /* SeparatorCell.xib */ = {isa = PBXFileReference; lastKnownFileType = file.xib; path = SeparatorCell.xib; sourceTree = "<group>"; };
		AB63AA5B25E50607009AB761 /* SkeletonCell.swift */ = {isa = PBXFileReference; lastKnownFileType = sourcecode.swift; path = SkeletonCell.swift; sourceTree = "<group>"; };
		AB63AA5C25E50607009AB761 /* SkeletonCell.xib */ = {isa = PBXFileReference; lastKnownFileType = file.xib; path = SkeletonCell.xib; sourceTree = "<group>"; };
		AB63AA6325E50B0D009AB761 /* EmptyStubsCell.swift */ = {isa = PBXFileReference; lastKnownFileType = sourcecode.swift; path = EmptyStubsCell.swift; sourceTree = "<group>"; };
		AB63AA6425E50B0D009AB761 /* EmptyStubsCell.xib */ = {isa = PBXFileReference; lastKnownFileType = file.xib; path = EmptyStubsCell.xib; sourceTree = "<group>"; };
		AB97EA5625E50D6300F4C323 /* ConnectionStubsCell.swift */ = {isa = PBXFileReference; lastKnownFileType = sourcecode.swift; path = ConnectionStubsCell.swift; sourceTree = "<group>"; };
		AB97EA5725E50D6300F4C323 /* ConnectionStubsCell.xib */ = {isa = PBXFileReference; lastKnownFileType = file.xib; path = ConnectionStubsCell.xib; sourceTree = "<group>"; };
		AB97EA5D25E50F9800F4C323 /* WrongStubsCell.swift */ = {isa = PBXFileReference; lastKnownFileType = sourcecode.swift; path = WrongStubsCell.swift; sourceTree = "<group>"; };
		AB97EA5E25E50F9800F4C323 /* WrongStubsCell.xib */ = {isa = PBXFileReference; lastKnownFileType = file.xib; path = WrongStubsCell.xib; sourceTree = "<group>"; };
		AB97EA6425E518A100F4C323 /* MonthHeaderCell.swift */ = {isa = PBXFileReference; lastKnownFileType = sourcecode.swift; path = MonthHeaderCell.swift; sourceTree = "<group>"; };
		AB97EA6525E518A100F4C323 /* MonthHeaderCell.xib */ = {isa = PBXFileReference; lastKnownFileType = file.xib; path = MonthHeaderCell.xib; sourceTree = "<group>"; };
		ABCB193225DFF1120096A708 /* OptionsVC.swift */ = {isa = PBXFileReference; lastKnownFileType = sourcecode.swift; path = OptionsVC.swift; sourceTree = "<group>"; };
		ABCB193B25E017880096A708 /* UpcomingVC.swift */ = {isa = PBXFileReference; lastKnownFileType = sourcecode.swift; path = UpcomingVC.swift; sourceTree = "<group>"; };
		ABCB194325E017FF0096A708 /* ArchivedVC.swift */ = {isa = PBXFileReference; lastKnownFileType = sourcecode.swift; path = ArchivedVC.swift; sourceTree = "<group>"; };
		BE00830FA5BFFF4F2AFAFC65 /* Pods-UITabsDemoTests.debug.xcconfig */ = {isa = PBXFileReference; includeInIndex = 1; lastKnownFileType = text.xcconfig; name = "Pods-UITabsDemoTests.debug.xcconfig"; path = "Target Support Files/Pods-UITabsDemoTests/Pods-UITabsDemoTests.debug.xcconfig"; sourceTree = "<group>"; };
		BF60754BE38EC4B18C096760 /* Pods-UITabsDemo.debug.xcconfig */ = {isa = PBXFileReference; includeInIndex = 1; lastKnownFileType = text.xcconfig; name = "Pods-UITabsDemo.debug.xcconfig"; path = "Target Support Files/Pods-UITabsDemo/Pods-UITabsDemo.debug.xcconfig"; sourceTree = "<group>"; };
		E49870E942D039805CC0CE0C /* Pods-UITabsDemoTests.release.xcconfig */ = {isa = PBXFileReference; includeInIndex = 1; lastKnownFileType = text.xcconfig; name = "Pods-UITabsDemoTests.release.xcconfig"; path = "Target Support Files/Pods-UITabsDemoTests/Pods-UITabsDemoTests.release.xcconfig"; sourceTree = "<group>"; };
		F0C277E6053DC4C3F31592FF /* Pods_UITabsDemoTests.framework */ = {isa = PBXFileReference; explicitFileType = wrapper.framework; includeInIndex = 0; path = Pods_UITabsDemoTests.framework; sourceTree = BUILT_PRODUCTS_DIR; };
		F8B17A785E6EF5D389BFE61D /* Pods-UITabsDemo.release.xcconfig */ = {isa = PBXFileReference; includeInIndex = 1; lastKnownFileType = text.xcconfig; name = "Pods-UITabsDemo.release.xcconfig"; path = "Target Support Files/Pods-UITabsDemo/Pods-UITabsDemo.release.xcconfig"; sourceTree = "<group>"; };
/* End PBXFileReference section */

/* Begin PBXFrameworksBuildPhase section */
		40E6DD1225DFC67300F5C0B6 /* Frameworks */ = {
			isa = PBXFrameworksBuildPhase;
			buildActionMask = 2147483647;
			files = (
				0F224693EB23D758220D3373 /* Pods_UITabsDemo.framework in Frameworks */,
			);
			runOnlyForDeploymentPostprocessing = 0;
		};
		40E6DD2825DFC67500F5C0B6 /* Frameworks */ = {
			isa = PBXFrameworksBuildPhase;
			buildActionMask = 2147483647;
			files = (
				E397C294351D320D50C3F781 /* Pods_UITabsDemoTests.framework in Frameworks */,
			);
			runOnlyForDeploymentPostprocessing = 0;
		};
		40E6DD3325DFC67500F5C0B6 /* Frameworks */ = {
			isa = PBXFrameworksBuildPhase;
			buildActionMask = 2147483647;
			files = (
			);
			runOnlyForDeploymentPostprocessing = 0;
		};
/* End PBXFrameworksBuildPhase section */

/* Begin PBXGroup section */
		33B394370E7EBB5A4AB8B0AC /* Frameworks */ = {
			isa = PBXGroup;
			children = (
				502DED24CFB9140DFC22B270 /* Pods_UITabsDemo.framework */,
				F0C277E6053DC4C3F31592FF /* Pods_UITabsDemoTests.framework */,
			);
			name = Frameworks;
			sourceTree = "<group>";
		};
		40730D1F25E6F5C100E945E1 /* View */ = {
			isa = PBXGroup;
			children = (
				AB63AA4925E4EBD4009AB761 /* Cells */,
				40730D2325E6F64A00E945E1 /* TopBarButton.swift */,
				40730D2825E6F67D00E945E1 /* BarIndicatorView.swift */,
				40D8F5D325EA4F1B006F0757 /* SeparatorView.swift */,
			);
			path = View;
			sourceTree = "<group>";
		};
		40730D3625E7005100E945E1 /* Extensions */ = {
			isa = PBXGroup;
			children = (
				40C20B6D25EAD55B006DBD51 /* GCD.swift */,
				40D8F5DD25EA4F71006F0757 /* Optional.swift */,
				40730D3725E7006000E945E1 /* Typealiases.swift */,
				40D8F63425EA8DA3006F0757 /* TMBarView+Ext.swift */,
				40730D3F25E7008500E945E1 /* UIViewController+Ext.swift */,
				40D8F5D825EA4F49006F0757 /* UIView+Ext.swift */,
				40C20B6825EAC997006DBD51 /* Collection+Ext.swift */,
				40730D4425E700B100E945E1 /* UIImageView+Ext.swift */,
			);
			path = Extensions;
			sourceTree = "<group>";
		};
		40C20B6225EABE26006DBD51 /* Helpers */ = {
			isa = PBXGroup;
			children = (
				40C20B6325EABE5D006DBD51 /* HapticHelper.swift */,
			);
			path = Helpers;
			sourceTree = "<group>";
		};
		40D8F5E525EA5313006F0757 /* Protocols */ = {
			isa = PBXGroup;
			children = (
				40D8F5E925EA553E006F0757 /* TabbedController.swift */,
				40C20B7225EAD7B7006DBD51 /* NetworkClientProtocol.swift */,
				40C20B7725EAD7E9006DBD51 /* LoadDataServiceProtocol.swift */,
				40C20B7F25EAD80B006DBD51 /* DateFormatterProtocol.swift */,
				40D8F64B25EA9D30006F0757 /* JSONRepresentable.swift */,
			);
			path = Protocols;
			sourceTree = "<group>";
		};
		40D8F5F125EA8573006F0757 /* Services */ = {
			isa = PBXGroup;
			children = (
				40D8F60525EA868D006F0757 /* Network */,
				40D8F60925EA86A1006F0757 /* DateFormatterHelper.swift */,
			);
			path = Services;
			sourceTree = "<group>";
		};
		40D8F5FF25EA8614006F0757 /* Model */ = {
			isa = PBXGroup;
			children = (
				40D8F68D25EAB4BC006F0757 /* JSONRepresentable */,
				40D8F68E25EAB4C7006F0757 /* UI */,
			);
			path = Model;
			sourceTree = "<group>";
		};
		40D8F60525EA868D006F0757 /* Network */ = {
			isa = PBXGroup;
			children = (
				40D8F5F225EA8596006F0757 /* NetworkClient.swift */,
				40D8F5FA25EA85EA006F0757 /* LoadDataService.swift */,
			);
			path = Network;
			sourceTree = "<group>";
		};
		40D8F61325EA8776006F0757 /* Mocks */ = {
			isa = PBXGroup;
			children = (
				40D8F61425EA877F006F0757 /* LoadDataServiceMock.swift */,
				40D8F61C25EA87A5006F0757 /* DateFormatterHelperMock.swift */,
				40D8F62125EA87C9006F0757 /* ListViewModelDelegateMock.swift */,
			);
			path = Mocks;
			sourceTree = "<group>";
		};
		40D8F63925EA9142006F0757 /* ViewModel */ = {
			isa = PBXGroup;
			children = (
				40D8F60E25EA86C7006F0757 /* ListViewModel.swift */,
			);
			path = ViewModel;
			sourceTree = "<group>";
		};
		40D8F68D25EAB4BC006F0757 /* JSONRepresentable */ = {
			isa = PBXGroup;
			children = (
				40D8F67825EAA963006F0757 /* RootEntity.swift */,
				40D8F60025EA862A006F0757 /* Entity.swift */,
			);
			path = JSONRepresentable;
			sourceTree = "<group>";
		};
		40D8F68E25EAB4C7006F0757 /* UI */ = {
			isa = PBXGroup;
			children = (
				40D8F68525EAB434006F0757 /* EventContainer.swift */,
				40D8F67D25EAA981006F0757 /* Event.swift */,
			);
			path = UI;
			sourceTree = "<group>";
		};
		40E6DD0C25DFC67300F5C0B6 = {
			isa = PBXGroup;
			children = (
				40E6DD1725DFC67300F5C0B6 /* UITabsDemo */,
				40E6DD2E25DFC67500F5C0B6 /* UITabsDemoTests */,
				40E6DD3925DFC67500F5C0B6 /* UITabsDemoUITests */,
				40E6DD1625DFC67300F5C0B6 /* Products */,
				58B1C025A2E5824BE5180C31 /* Pods */,
				33B394370E7EBB5A4AB8B0AC /* Frameworks */,
			);
			sourceTree = "<group>";
		};
		40E6DD1625DFC67300F5C0B6 /* Products */ = {
			isa = PBXGroup;
			children = (
				40E6DD1525DFC67300F5C0B6 /* UITabsDemo.app */,
				40E6DD2B25DFC67500F5C0B6 /* UITabsDemoTests.xctest */,
				40E6DD3625DFC67500F5C0B6 /* UITabsDemoUITests.xctest */,
			);
			name = Products;
			sourceTree = "<group>";
		};
		40E6DD1725DFC67300F5C0B6 /* UITabsDemo */ = {
			isa = PBXGroup;
			children = (
				40E6DD1825DFC67300F5C0B6 /* AppDelegate.swift */,
				40D8F5FF25EA8614006F0757 /* Model */,
				40730D1F25E6F5C100E945E1 /* View */,
				40D8F63925EA9142006F0757 /* ViewModel */,
				ABCB193725DFF1310096A708 /* ViewControllers */,
				40D8F5F125EA8573006F0757 /* Services */,
				40D8F5E525EA5313006F0757 /* Protocols */,
				40C20B6225EABE26006DBD51 /* Helpers */,
				40730D3625E7005100E945E1 /* Extensions */,
				40E6DD8C25DFCAD400F5C0B6 /* Resources */,
				40E6DD2625DFC67400F5C0B6 /* Info.plist */,
			);
			path = UITabsDemo;
			sourceTree = "<group>";
		};
		40E6DD2E25DFC67500F5C0B6 /* UITabsDemoTests */ = {
			isa = PBXGroup;
			children = (
				40D8F61325EA8776006F0757 /* Mocks */,
				40E6DD2F25DFC67500F5C0B6 /* UITabsDemoTests.swift */,
				40E6DD3125DFC67500F5C0B6 /* Info.plist */,
			);
			path = UITabsDemoTests;
			sourceTree = "<group>";
		};
		40E6DD3925DFC67500F5C0B6 /* UITabsDemoUITests */ = {
			isa = PBXGroup;
			children = (
				40E6DD3A25DFC67500F5C0B6 /* UITabsDemoUITests.swift */,
				40E6DD3C25DFC67500F5C0B6 /* Info.plist */,
			);
			path = UITabsDemoUITests;
			sourceTree = "<group>";
		};
		40E6DD8C25DFCAD400F5C0B6 /* Resources */ = {
			isa = PBXGroup;
			children = (
				40E6DD2125DFC67400F5C0B6 /* Assets.xcassets */,
				40730D4925E7011000E945E1 /* Localizable.strings */,
				40E6DD9325DFCB4000F5C0B6 /* R.generated.swift */,
				40E6DD2325DFC67400F5C0B6 /* LaunchScreen.storyboard */,
			);
			path = Resources;
			sourceTree = "<group>";
		};
		58B1C025A2E5824BE5180C31 /* Pods */ = {
			isa = PBXGroup;
			children = (
				BF60754BE38EC4B18C096760 /* Pods-UITabsDemo.debug.xcconfig */,
				F8B17A785E6EF5D389BFE61D /* Pods-UITabsDemo.release.xcconfig */,
				BE00830FA5BFFF4F2AFAFC65 /* Pods-UITabsDemoTests.debug.xcconfig */,
				E49870E942D039805CC0CE0C /* Pods-UITabsDemoTests.release.xcconfig */,
			);
			path = Pods;
			sourceTree = "<group>";
		};
		AB63AA4925E4EBD4009AB761 /* Cells */ = {
			isa = PBXGroup;
			children = (
				AB63AA6225E50AD4009AB761 /* Stubs */,
				AB63AA4D25E4ECB8009AB761 /* MainCell.swift */,
				AB63AA4E25E4ECB8009AB761 /* MainCell.xib */,
				AB63AA5425E4FD2E009AB761 /* SeparatorCell.swift */,
				AB63AA5525E4FD2E009AB761 /* SeparatorCell.xib */,
				AB63AA5B25E50607009AB761 /* SkeletonCell.swift */,
				AB63AA5C25E50607009AB761 /* SkeletonCell.xib */,
				AB97EA6425E518A100F4C323 /* MonthHeaderCell.swift */,
				AB97EA6525E518A100F4C323 /* MonthHeaderCell.xib */,
			);
			path = Cells;
			sourceTree = "<group>";
		};
		AB63AA6225E50AD4009AB761 /* Stubs */ = {
			isa = PBXGroup;
			children = (
				AB63AA6325E50B0D009AB761 /* EmptyStubsCell.swift */,
				AB63AA6425E50B0D009AB761 /* EmptyStubsCell.xib */,
				AB97EA5625E50D6300F4C323 /* ConnectionStubsCell.swift */,
				AB97EA5725E50D6300F4C323 /* ConnectionStubsCell.xib */,
				AB97EA5D25E50F9800F4C323 /* WrongStubsCell.swift */,
				AB97EA5E25E50F9800F4C323 /* WrongStubsCell.xib */,
			);
			path = Stubs;
			sourceTree = "<group>";
		};
		ABCB193725DFF1310096A708 /* ViewControllers */ = {
			isa = PBXGroup;
			children = (
				40E6DD1E25DFC67300F5C0B6 /* Main.storyboard */,
				40E6DD1C25DFC67300F5C0B6 /* RootViewController.swift */,
				ABCB193B25E017880096A708 /* UpcomingVC.swift */,
				ABCB194325E017FF0096A708 /* ArchivedVC.swift */,
				ABCB193225DFF1120096A708 /* OptionsVC.swift */,
			);
			path = ViewControllers;
			sourceTree = "<group>";
		};
/* End PBXGroup section */

/* Begin PBXNativeTarget section */
		40E6DD1425DFC67300F5C0B6 /* UITabsDemo */ = {
			isa = PBXNativeTarget;
			buildConfigurationList = 40E6DD3F25DFC67500F5C0B6 /* Build configuration list for PBXNativeTarget "UITabsDemo" */;
			buildPhases = (
				F79CCB881502F4C859B6EDE3 /* [CP] Check Pods Manifest.lock */,
				40E6DD8B25DFCA9400F5C0B6 /* R.swift */,
				40E6DD1125DFC67300F5C0B6 /* Sources */,
				40E6DD1225DFC67300F5C0B6 /* Frameworks */,
				40E6DD1325DFC67300F5C0B6 /* Resources */,
				C34C3EB1EBB9979274B8D843 /* [CP] Embed Pods Frameworks */,
				40E6DDF725DFD0CB00F5C0B6 /* SwiftLint */,
			);
			buildRules = (
			);
			dependencies = (
			);
			name = UITabsDemo;
			productName = UITabsDemo;
			productReference = 40E6DD1525DFC67300F5C0B6 /* UITabsDemo.app */;
			productType = "com.apple.product-type.application";
		};
		40E6DD2A25DFC67500F5C0B6 /* UITabsDemoTests */ = {
			isa = PBXNativeTarget;
			buildConfigurationList = 40E6DD4225DFC67500F5C0B6 /* Build configuration list for PBXNativeTarget "UITabsDemoTests" */;
			buildPhases = (
				C6406A9070AB75BC7CDE1FF8 /* [CP] Check Pods Manifest.lock */,
				40E6DD2725DFC67500F5C0B6 /* Sources */,
				40E6DD2825DFC67500F5C0B6 /* Frameworks */,
				40E6DD2925DFC67500F5C0B6 /* Resources */,
				0C1331048B12AF17049F3851 /* [CP] Embed Pods Frameworks */,
			);
			buildRules = (
			);
			dependencies = (
				40E6DD2D25DFC67500F5C0B6 /* PBXTargetDependency */,
			);
			name = UITabsDemoTests;
			productName = UITabsDemoTests;
			productReference = 40E6DD2B25DFC67500F5C0B6 /* UITabsDemoTests.xctest */;
			productType = "com.apple.product-type.bundle.unit-test";
		};
		40E6DD3525DFC67500F5C0B6 /* UITabsDemoUITests */ = {
			isa = PBXNativeTarget;
			buildConfigurationList = 40E6DD4525DFC67500F5C0B6 /* Build configuration list for PBXNativeTarget "UITabsDemoUITests" */;
			buildPhases = (
				40E6DD3225DFC67500F5C0B6 /* Sources */,
				40E6DD3325DFC67500F5C0B6 /* Frameworks */,
				40E6DD3425DFC67500F5C0B6 /* Resources */,
			);
			buildRules = (
			);
			dependencies = (
				40E6DD3825DFC67500F5C0B6 /* PBXTargetDependency */,
			);
			name = UITabsDemoUITests;
			productName = UITabsDemoUITests;
			productReference = 40E6DD3625DFC67500F5C0B6 /* UITabsDemoUITests.xctest */;
			productType = "com.apple.product-type.bundle.ui-testing";
		};
/* End PBXNativeTarget section */

/* Begin PBXProject section */
		40E6DD0D25DFC67300F5C0B6 /* Project object */ = {
			isa = PBXProject;
			attributes = {
				LastSwiftUpdateCheck = 1240;
				LastUpgradeCheck = 1240;
				TargetAttributes = {
					40E6DD1425DFC67300F5C0B6 = {
						CreatedOnToolsVersion = 12.4;
					};
					40E6DD2A25DFC67500F5C0B6 = {
						CreatedOnToolsVersion = 12.4;
						TestTargetID = 40E6DD1425DFC67300F5C0B6;
					};
					40E6DD3525DFC67500F5C0B6 = {
						CreatedOnToolsVersion = 12.4;
						TestTargetID = 40E6DD1425DFC67300F5C0B6;
					};
				};
			};
			buildConfigurationList = 40E6DD1025DFC67300F5C0B6 /* Build configuration list for PBXProject "UITabsDemo" */;
			compatibilityVersion = "Xcode 9.3";
			developmentRegion = en;
			hasScannedForEncodings = 0;
			knownRegions = (
				en,
				Base,
			);
			mainGroup = 40E6DD0C25DFC67300F5C0B6;
			productRefGroup = 40E6DD1625DFC67300F5C0B6 /* Products */;
			projectDirPath = "";
			projectRoot = "";
			targets = (
				40E6DD1425DFC67300F5C0B6 /* UITabsDemo */,
				40E6DD2A25DFC67500F5C0B6 /* UITabsDemoTests */,
				40E6DD3525DFC67500F5C0B6 /* UITabsDemoUITests */,
			);
		};
/* End PBXProject section */

/* Begin PBXResourcesBuildPhase section */
		40E6DD1325DFC67300F5C0B6 /* Resources */ = {
			isa = PBXResourcesBuildPhase;
			buildActionMask = 2147483647;
			files = (
				40E6DD2525DFC67400F5C0B6 /* LaunchScreen.storyboard in Resources */,
				AB97EA6725E518A100F4C323 /* MonthHeaderCell.xib in Resources */,
				40730D4A25E7011000E945E1 /* Localizable.strings in Resources */,
				AB97EA6025E50F9800F4C323 /* WrongStubsCell.xib in Resources */,
				AB97EA5925E50D6300F4C323 /* ConnectionStubsCell.xib in Resources */,
				AB63AA5725E4FD2E009AB761 /* SeparatorCell.xib in Resources */,
				AB63AA6625E50B0D009AB761 /* EmptyStubsCell.xib in Resources */,
				40E6DD2225DFC67400F5C0B6 /* Assets.xcassets in Resources */,
				AB63AA5025E4ECB8009AB761 /* MainCell.xib in Resources */,
				AB63AA5E25E50607009AB761 /* SkeletonCell.xib in Resources */,
				40E6DD2025DFC67300F5C0B6 /* Main.storyboard in Resources */,
			);
			runOnlyForDeploymentPostprocessing = 0;
		};
		40E6DD2925DFC67500F5C0B6 /* Resources */ = {
			isa = PBXResourcesBuildPhase;
			buildActionMask = 2147483647;
			files = (
			);
			runOnlyForDeploymentPostprocessing = 0;
		};
		40E6DD3425DFC67500F5C0B6 /* Resources */ = {
			isa = PBXResourcesBuildPhase;
			buildActionMask = 2147483647;
			files = (
			);
			runOnlyForDeploymentPostprocessing = 0;
		};
/* End PBXResourcesBuildPhase section */

/* Begin PBXShellScriptBuildPhase section */
		0C1331048B12AF17049F3851 /* [CP] Embed Pods Frameworks */ = {
			isa = PBXShellScriptBuildPhase;
			buildActionMask = 2147483647;
			files = (
			);
			inputFileListPaths = (
				"${PODS_ROOT}/Target Support Files/Pods-UITabsDemoTests/Pods-UITabsDemoTests-frameworks-${CONFIGURATION}-input-files.xcfilelist",
			);
			name = "[CP] Embed Pods Frameworks";
			outputFileListPaths = (
				"${PODS_ROOT}/Target Support Files/Pods-UITabsDemoTests/Pods-UITabsDemoTests-frameworks-${CONFIGURATION}-output-files.xcfilelist",
			);
			runOnlyForDeploymentPostprocessing = 0;
			shellPath = /bin/sh;
			shellScript = "\"${PODS_ROOT}/Target Support Files/Pods-UITabsDemoTests/Pods-UITabsDemoTests-frameworks.sh\"\n";
			showEnvVarsInLog = 0;
		};
		40E6DD8B25DFCA9400F5C0B6 /* R.swift */ = {
			isa = PBXShellScriptBuildPhase;
			buildActionMask = 2147483647;
			files = (
			);
			inputFileListPaths = (
			);
			inputPaths = (
				"$TEMP_DIR/rswift-lastrun",
			);
			name = R.swift;
			outputFileListPaths = (
			);
			outputPaths = (
				$SRCROOT/UITabsDemo/Resources/R.generated.swift,
			);
			runOnlyForDeploymentPostprocessing = 0;
			shellPath = /bin/sh;
			shellScript = "\"$PODS_ROOT/R.swift/rswift\" generate \"$SRCROOT/UITabsDemo/Resources/R.generated.swift\"\n";
		};
		40E6DDF725DFD0CB00F5C0B6 /* SwiftLint */ = {
			isa = PBXShellScriptBuildPhase;
			buildActionMask = 2147483647;
			files = (
			);
			inputFileListPaths = (
			);
			inputPaths = (
			);
			name = SwiftLint;
			outputFileListPaths = (
			);
			outputPaths = (
			);
			runOnlyForDeploymentPostprocessing = 0;
			shellPath = /bin/sh;
			shellScript = "${PODS_ROOT}/SwiftLint/swiftlint autocorrect\n${PODS_ROOT}/SwiftLint/swiftlint\n";
		};
		C34C3EB1EBB9979274B8D843 /* [CP] Embed Pods Frameworks */ = {
			isa = PBXShellScriptBuildPhase;
			buildActionMask = 2147483647;
			files = (
			);
			inputFileListPaths = (
				"${PODS_ROOT}/Target Support Files/Pods-UITabsDemo/Pods-UITabsDemo-frameworks-${CONFIGURATION}-input-files.xcfilelist",
			);
			name = "[CP] Embed Pods Frameworks";
			outputFileListPaths = (
				"${PODS_ROOT}/Target Support Files/Pods-UITabsDemo/Pods-UITabsDemo-frameworks-${CONFIGURATION}-output-files.xcfilelist",
			);
			runOnlyForDeploymentPostprocessing = 0;
			shellPath = /bin/sh;
			shellScript = "\"${PODS_ROOT}/Target Support Files/Pods-UITabsDemo/Pods-UITabsDemo-frameworks.sh\"\n";
			showEnvVarsInLog = 0;
		};
		C6406A9070AB75BC7CDE1FF8 /* [CP] Check Pods Manifest.lock */ = {
			isa = PBXShellScriptBuildPhase;
			buildActionMask = 2147483647;
			files = (
			);
			inputFileListPaths = (
			);
			inputPaths = (
				"${PODS_PODFILE_DIR_PATH}/Podfile.lock",
				"${PODS_ROOT}/Manifest.lock",
			);
			name = "[CP] Check Pods Manifest.lock";
			outputFileListPaths = (
			);
			outputPaths = (
				"$(DERIVED_FILE_DIR)/Pods-UITabsDemoTests-checkManifestLockResult.txt",
			);
			runOnlyForDeploymentPostprocessing = 0;
			shellPath = /bin/sh;
			shellScript = "diff \"${PODS_PODFILE_DIR_PATH}/Podfile.lock\" \"${PODS_ROOT}/Manifest.lock\" > /dev/null\nif [ $? != 0 ] ; then\n    # print error to STDERR\n    echo \"error: The sandbox is not in sync with the Podfile.lock. Run 'pod install' or update your CocoaPods installation.\" >&2\n    exit 1\nfi\n# This output is used by Xcode 'outputs' to avoid re-running this script phase.\necho \"SUCCESS\" > \"${SCRIPT_OUTPUT_FILE_0}\"\n";
			showEnvVarsInLog = 0;
		};
		F79CCB881502F4C859B6EDE3 /* [CP] Check Pods Manifest.lock */ = {
			isa = PBXShellScriptBuildPhase;
			buildActionMask = 2147483647;
			files = (
			);
			inputFileListPaths = (
			);
			inputPaths = (
				"${PODS_PODFILE_DIR_PATH}/Podfile.lock",
				"${PODS_ROOT}/Manifest.lock",
			);
			name = "[CP] Check Pods Manifest.lock";
			outputFileListPaths = (
			);
			outputPaths = (
				"$(DERIVED_FILE_DIR)/Pods-UITabsDemo-checkManifestLockResult.txt",
			);
			runOnlyForDeploymentPostprocessing = 0;
			shellPath = /bin/sh;
			shellScript = "diff \"${PODS_PODFILE_DIR_PATH}/Podfile.lock\" \"${PODS_ROOT}/Manifest.lock\" > /dev/null\nif [ $? != 0 ] ; then\n    # print error to STDERR\n    echo \"error: The sandbox is not in sync with the Podfile.lock. Run 'pod install' or update your CocoaPods installation.\" >&2\n    exit 1\nfi\n# This output is used by Xcode 'outputs' to avoid re-running this script phase.\necho \"SUCCESS\" > \"${SCRIPT_OUTPUT_FILE_0}\"\n";
			showEnvVarsInLog = 0;
		};
/* End PBXShellScriptBuildPhase section */

/* Begin PBXSourcesBuildPhase section */
		40E6DD1125DFC67300F5C0B6 /* Sources */ = {
			isa = PBXSourcesBuildPhase;
			buildActionMask = 2147483647;
			files = (
				40C20B6E25EAD55B006DBD51 /* GCD.swift in Sources */,
				40730D3825E7006000E945E1 /* Typealiases.swift in Sources */,
				40D8F60125EA862A006F0757 /* Entity.swift in Sources */,
				40E6DD1D25DFC67300F5C0B6 /* RootViewController.swift in Sources */,
				40730D4025E7008500E945E1 /* UIViewController+Ext.swift in Sources */,
				40D8F60A25EA86A1006F0757 /* DateFormatterHelper.swift in Sources */,
				40D8F60F25EA86C7006F0757 /* ListViewModel.swift in Sources */,
				40D8F5D425EA4F1B006F0757 /* SeparatorView.swift in Sources */,
				AB97EA5F25E50F9800F4C323 /* WrongStubsCell.swift in Sources */,
				AB63AA6525E50B0D009AB761 /* EmptyStubsCell.swift in Sources */,
				40C20B6925EAC997006DBD51 /* Collection+Ext.swift in Sources */,
				40C20B6425EABE5D006DBD51 /* HapticHelper.swift in Sources */,
				40730D2425E6F64A00E945E1 /* TopBarButton.swift in Sources */,
				40D8F67925EAA963006F0757 /* RootEntity.swift in Sources */,
				40D8F5EA25EA553E006F0757 /* TabbedController.swift in Sources */,
				AB63AA4F25E4ECB8009AB761 /* MainCell.swift in Sources */,
				40D8F67E25EAA981006F0757 /* Event.swift in Sources */,
				40C20B7325EAD7B7006DBD51 /* NetworkClientProtocol.swift in Sources */,
				40E6DD1925DFC67300F5C0B6 /* AppDelegate.swift in Sources */,
				AB97EA6625E518A100F4C323 /* MonthHeaderCell.swift in Sources */,
				40E6DD9425DFCB4000F5C0B6 /* R.generated.swift in Sources */,
				AB63AA5D25E50607009AB761 /* SkeletonCell.swift in Sources */,
				40D8F5D925EA4F49006F0757 /* UIView+Ext.swift in Sources */,
				ABCB193C25E017880096A708 /* UpcomingVC.swift in Sources */,
				40D8F68625EAB434006F0757 /* EventContainer.swift in Sources */,
				40730D4525E700B100E945E1 /* UIImageView+Ext.swift in Sources */,
				40C20B8025EAD80B006DBD51 /* DateFormatterProtocol.swift in Sources */,
				40D8F64C25EA9D30006F0757 /* JSONRepresentable.swift in Sources */,
				40D8F63525EA8DA3006F0757 /* TMBarView+Ext.swift in Sources */,
				ABCB194425E017FF0096A708 /* ArchivedVC.swift in Sources */,
				40C20B7825EAD7E9006DBD51 /* LoadDataServiceProtocol.swift in Sources */,
				40730D2925E6F67D00E945E1 /* BarIndicatorView.swift in Sources */,
				40D8F5DE25EA4F71006F0757 /* Optional.swift in Sources */,
				40D8F5FB25EA85EA006F0757 /* LoadDataService.swift in Sources */,
				AB97EA5825E50D6300F4C323 /* ConnectionStubsCell.swift in Sources */,
				ABCB193325DFF1120096A708 /* OptionsVC.swift in Sources */,
				40D8F5F325EA8596006F0757 /* NetworkClient.swift in Sources */,
				AB63AA5625E4FD2E009AB761 /* SeparatorCell.swift in Sources */,
			);
			runOnlyForDeploymentPostprocessing = 0;
		};
		40E6DD2725DFC67500F5C0B6 /* Sources */ = {
			isa = PBXSourcesBuildPhase;
			buildActionMask = 2147483647;
			files = (
				40E6DD3025DFC67500F5C0B6 /* UITabsDemoTests.swift in Sources */,
				40D8F61D25EA87A5006F0757 /* DateFormatterHelperMock.swift in Sources */,
				40D8F62225EA87C9006F0757 /* ListViewModelDelegateMock.swift in Sources */,
				40D8F61525EA877F006F0757 /* LoadDataServiceMock.swift in Sources */,
			);
			runOnlyForDeploymentPostprocessing = 0;
		};
		40E6DD3225DFC67500F5C0B6 /* Sources */ = {
			isa = PBXSourcesBuildPhase;
			buildActionMask = 2147483647;
			files = (
				40E6DD3B25DFC67500F5C0B6 /* UITabsDemoUITests.swift in Sources */,
			);
			runOnlyForDeploymentPostprocessing = 0;
		};
/* End PBXSourcesBuildPhase section */

/* Begin PBXTargetDependency section */
		40E6DD2D25DFC67500F5C0B6 /* PBXTargetDependency */ = {
			isa = PBXTargetDependency;
			target = 40E6DD1425DFC67300F5C0B6 /* UITabsDemo */;
			targetProxy = 40E6DD2C25DFC67500F5C0B6 /* PBXContainerItemProxy */;
		};
		40E6DD3825DFC67500F5C0B6 /* PBXTargetDependency */ = {
			isa = PBXTargetDependency;
			target = 40E6DD1425DFC67300F5C0B6 /* UITabsDemo */;
			targetProxy = 40E6DD3725DFC67500F5C0B6 /* PBXContainerItemProxy */;
		};
/* End PBXTargetDependency section */

/* Begin PBXVariantGroup section */
		40E6DD1E25DFC67300F5C0B6 /* Main.storyboard */ = {
			isa = PBXVariantGroup;
			children = (
				40E6DD1F25DFC67300F5C0B6 /* Base */,
			);
			name = Main.storyboard;
			sourceTree = "<group>";
		};
		40E6DD2325DFC67400F5C0B6 /* LaunchScreen.storyboard */ = {
			isa = PBXVariantGroup;
			children = (
				40E6DD2425DFC67400F5C0B6 /* Base */,
			);
			name = LaunchScreen.storyboard;
			sourceTree = "<group>";
		};
/* End PBXVariantGroup section */

/* Begin XCBuildConfiguration section */
		40E6DD3D25DFC67500F5C0B6 /* Debug */ = {
			isa = XCBuildConfiguration;
			buildSettings = {
				ALWAYS_SEARCH_USER_PATHS = NO;
				CLANG_ANALYZER_NONNULL = YES;
				CLANG_ANALYZER_NUMBER_OBJECT_CONVERSION = YES_AGGRESSIVE;
				CLANG_CXX_LANGUAGE_STANDARD = "gnu++14";
				CLANG_CXX_LIBRARY = "libc++";
				CLANG_ENABLE_MODULES = YES;
				CLANG_ENABLE_OBJC_ARC = YES;
				CLANG_ENABLE_OBJC_WEAK = YES;
				CLANG_WARN_BLOCK_CAPTURE_AUTORELEASING = YES;
				CLANG_WARN_BOOL_CONVERSION = YES;
				CLANG_WARN_COMMA = YES;
				CLANG_WARN_CONSTANT_CONVERSION = YES;
				CLANG_WARN_DEPRECATED_OBJC_IMPLEMENTATIONS = YES;
				CLANG_WARN_DIRECT_OBJC_ISA_USAGE = YES_ERROR;
				CLANG_WARN_DOCUMENTATION_COMMENTS = YES;
				CLANG_WARN_EMPTY_BODY = YES;
				CLANG_WARN_ENUM_CONVERSION = YES;
				CLANG_WARN_INFINITE_RECURSION = YES;
				CLANG_WARN_INT_CONVERSION = YES;
				CLANG_WARN_NON_LITERAL_NULL_CONVERSION = YES;
				CLANG_WARN_OBJC_IMPLICIT_RETAIN_SELF = YES;
				CLANG_WARN_OBJC_LITERAL_CONVERSION = YES;
				CLANG_WARN_OBJC_ROOT_CLASS = YES_ERROR;
				CLANG_WARN_QUOTED_INCLUDE_IN_FRAMEWORK_HEADER = YES;
				CLANG_WARN_RANGE_LOOP_ANALYSIS = YES;
				CLANG_WARN_STRICT_PROTOTYPES = YES;
				CLANG_WARN_SUSPICIOUS_MOVE = YES;
				CLANG_WARN_UNGUARDED_AVAILABILITY = YES_AGGRESSIVE;
				CLANG_WARN_UNREACHABLE_CODE = YES;
				CLANG_WARN__DUPLICATE_METHOD_MATCH = YES;
				COPY_PHASE_STRIP = NO;
				DEBUG_INFORMATION_FORMAT = dwarf;
				ENABLE_STRICT_OBJC_MSGSEND = YES;
				ENABLE_TESTABILITY = YES;
				GCC_C_LANGUAGE_STANDARD = gnu11;
				GCC_DYNAMIC_NO_PIC = NO;
				GCC_NO_COMMON_BLOCKS = YES;
				GCC_OPTIMIZATION_LEVEL = 0;
				GCC_PREPROCESSOR_DEFINITIONS = (
					"DEBUG=1",
					"$(inherited)",
				);
				GCC_WARN_64_TO_32_BIT_CONVERSION = YES;
				GCC_WARN_ABOUT_RETURN_TYPE = YES_ERROR;
				GCC_WARN_UNDECLARED_SELECTOR = YES;
				GCC_WARN_UNINITIALIZED_AUTOS = YES_AGGRESSIVE;
				GCC_WARN_UNUSED_FUNCTION = YES;
				GCC_WARN_UNUSED_VARIABLE = YES;
				IPHONEOS_DEPLOYMENT_TARGET = 14.4;
				MTL_ENABLE_DEBUG_INFO = INCLUDE_SOURCE;
				MTL_FAST_MATH = YES;
				ONLY_ACTIVE_ARCH = YES;
				SDKROOT = iphoneos;
				SWIFT_ACTIVE_COMPILATION_CONDITIONS = DEBUG;
				SWIFT_OPTIMIZATION_LEVEL = "-Onone";
			};
			name = Debug;
		};
		40E6DD3E25DFC67500F5C0B6 /* Release */ = {
			isa = XCBuildConfiguration;
			buildSettings = {
				ALWAYS_SEARCH_USER_PATHS = NO;
				CLANG_ANALYZER_NONNULL = YES;
				CLANG_ANALYZER_NUMBER_OBJECT_CONVERSION = YES_AGGRESSIVE;
				CLANG_CXX_LANGUAGE_STANDARD = "gnu++14";
				CLANG_CXX_LIBRARY = "libc++";
				CLANG_ENABLE_MODULES = YES;
				CLANG_ENABLE_OBJC_ARC = YES;
				CLANG_ENABLE_OBJC_WEAK = YES;
				CLANG_WARN_BLOCK_CAPTURE_AUTORELEASING = YES;
				CLANG_WARN_BOOL_CONVERSION = YES;
				CLANG_WARN_COMMA = YES;
				CLANG_WARN_CONSTANT_CONVERSION = YES;
				CLANG_WARN_DEPRECATED_OBJC_IMPLEMENTATIONS = YES;
				CLANG_WARN_DIRECT_OBJC_ISA_USAGE = YES_ERROR;
				CLANG_WARN_DOCUMENTATION_COMMENTS = YES;
				CLANG_WARN_EMPTY_BODY = YES;
				CLANG_WARN_ENUM_CONVERSION = YES;
				CLANG_WARN_INFINITE_RECURSION = YES;
				CLANG_WARN_INT_CONVERSION = YES;
				CLANG_WARN_NON_LITERAL_NULL_CONVERSION = YES;
				CLANG_WARN_OBJC_IMPLICIT_RETAIN_SELF = YES;
				CLANG_WARN_OBJC_LITERAL_CONVERSION = YES;
				CLANG_WARN_OBJC_ROOT_CLASS = YES_ERROR;
				CLANG_WARN_QUOTED_INCLUDE_IN_FRAMEWORK_HEADER = YES;
				CLANG_WARN_RANGE_LOOP_ANALYSIS = YES;
				CLANG_WARN_STRICT_PROTOTYPES = YES;
				CLANG_WARN_SUSPICIOUS_MOVE = YES;
				CLANG_WARN_UNGUARDED_AVAILABILITY = YES_AGGRESSIVE;
				CLANG_WARN_UNREACHABLE_CODE = YES;
				CLANG_WARN__DUPLICATE_METHOD_MATCH = YES;
				COPY_PHASE_STRIP = NO;
				DEBUG_INFORMATION_FORMAT = "dwarf-with-dsym";
				ENABLE_NS_ASSERTIONS = NO;
				ENABLE_STRICT_OBJC_MSGSEND = YES;
				GCC_C_LANGUAGE_STANDARD = gnu11;
				GCC_NO_COMMON_BLOCKS = YES;
				GCC_WARN_64_TO_32_BIT_CONVERSION = YES;
				GCC_WARN_ABOUT_RETURN_TYPE = YES_ERROR;
				GCC_WARN_UNDECLARED_SELECTOR = YES;
				GCC_WARN_UNINITIALIZED_AUTOS = YES_AGGRESSIVE;
				GCC_WARN_UNUSED_FUNCTION = YES;
				GCC_WARN_UNUSED_VARIABLE = YES;
				IPHONEOS_DEPLOYMENT_TARGET = 14.4;
				MTL_ENABLE_DEBUG_INFO = NO;
				MTL_FAST_MATH = YES;
				SDKROOT = iphoneos;
				SWIFT_COMPILATION_MODE = wholemodule;
				SWIFT_OPTIMIZATION_LEVEL = "-O";
				VALIDATE_PRODUCT = YES;
			};
			name = Release;
		};
		40E6DD4025DFC67500F5C0B6 /* Debug */ = {
			isa = XCBuildConfiguration;
			baseConfigurationReference = BF60754BE38EC4B18C096760 /* Pods-UITabsDemo.debug.xcconfig */;
			buildSettings = {
				ASSETCATALOG_COMPILER_APPICON_NAME = AppIcon;
				ASSETCATALOG_COMPILER_GLOBAL_ACCENT_COLOR_NAME = AccentColor;
				CODE_SIGN_STYLE = Automatic;
				DEVELOPMENT_TEAM = 26X9MMPTBH;
				INFOPLIST_FILE = UITabsDemo/Info.plist;
				IPHONEOS_DEPLOYMENT_TARGET = 11.0;
				LD_RUNPATH_SEARCH_PATHS = (
					"$(inherited)",
					"@executable_path/Frameworks",
				);
				PRODUCT_BUNDLE_IDENTIFIER = com.sergey.UITabsDemo;
				PRODUCT_NAME = "$(TARGET_NAME)";
				SWIFT_VERSION = 5.0;
				TARGETED_DEVICE_FAMILY = 1;
			};
			name = Debug;
		};
		40E6DD4125DFC67500F5C0B6 /* Release */ = {
			isa = XCBuildConfiguration;
			baseConfigurationReference = F8B17A785E6EF5D389BFE61D /* Pods-UITabsDemo.release.xcconfig */;
			buildSettings = {
				ASSETCATALOG_COMPILER_APPICON_NAME = AppIcon;
				ASSETCATALOG_COMPILER_GLOBAL_ACCENT_COLOR_NAME = AccentColor;
				CODE_SIGN_STYLE = Automatic;
				DEVELOPMENT_TEAM = 26X9MMPTBH;
				INFOPLIST_FILE = UITabsDemo/Info.plist;
				IPHONEOS_DEPLOYMENT_TARGET = 11.0;
				LD_RUNPATH_SEARCH_PATHS = (
					"$(inherited)",
					"@executable_path/Frameworks",
				);
				PRODUCT_BUNDLE_IDENTIFIER = com.sergey.UITabsDemo;
				PRODUCT_NAME = "$(TARGET_NAME)";
				SWIFT_VERSION = 5.0;
				TARGETED_DEVICE_FAMILY = 1;
			};
			name = Release;
		};
		40E6DD4325DFC67500F5C0B6 /* Debug */ = {
			isa = XCBuildConfiguration;
			baseConfigurationReference = BE00830FA5BFFF4F2AFAFC65 /* Pods-UITabsDemoTests.debug.xcconfig */;
			buildSettings = {
				ALWAYS_EMBED_SWIFT_STANDARD_LIBRARIES = YES;
				BUNDLE_LOADER = "$(TEST_HOST)";
				CODE_SIGN_STYLE = Automatic;
				INFOPLIST_FILE = UITabsDemoTests/Info.plist;
				IPHONEOS_DEPLOYMENT_TARGET = 14.4;
				LD_RUNPATH_SEARCH_PATHS = (
					"$(inherited)",
					"@executable_path/Frameworks",
					"@loader_path/Frameworks",
				);
				PRODUCT_BUNDLE_IDENTIFIER = com.sergey.UITabsDemoTests;
				PRODUCT_NAME = "$(TARGET_NAME)";
				SWIFT_VERSION = 5.0;
				TARGETED_DEVICE_FAMILY = "1,2";
				TEST_HOST = "$(BUILT_PRODUCTS_DIR)/UITabsDemo.app/UITabsDemo";
			};
			name = Debug;
		};
		40E6DD4425DFC67500F5C0B6 /* Release */ = {
			isa = XCBuildConfiguration;
			baseConfigurationReference = E49870E942D039805CC0CE0C /* Pods-UITabsDemoTests.release.xcconfig */;
			buildSettings = {
				ALWAYS_EMBED_SWIFT_STANDARD_LIBRARIES = YES;
				BUNDLE_LOADER = "$(TEST_HOST)";
				CODE_SIGN_STYLE = Automatic;
				INFOPLIST_FILE = UITabsDemoTests/Info.plist;
				IPHONEOS_DEPLOYMENT_TARGET = 14.4;
				LD_RUNPATH_SEARCH_PATHS = (
					"$(inherited)",
					"@executable_path/Frameworks",
					"@loader_path/Frameworks",
				);
				PRODUCT_BUNDLE_IDENTIFIER = com.sergey.UITabsDemoTests;
				PRODUCT_NAME = "$(TARGET_NAME)";
				SWIFT_VERSION = 5.0;
				TARGETED_DEVICE_FAMILY = "1,2";
				TEST_HOST = "$(BUILT_PRODUCTS_DIR)/UITabsDemo.app/UITabsDemo";
			};
			name = Release;
		};
		40E6DD4625DFC67500F5C0B6 /* Debug */ = {
			isa = XCBuildConfiguration;
			buildSettings = {
				ALWAYS_EMBED_SWIFT_STANDARD_LIBRARIES = YES;
				CODE_SIGN_STYLE = Automatic;
				INFOPLIST_FILE = UITabsDemoUITests/Info.plist;
				LD_RUNPATH_SEARCH_PATHS = (
					"$(inherited)",
					"@executable_path/Frameworks",
					"@loader_path/Frameworks",
				);
				PRODUCT_BUNDLE_IDENTIFIER = com.sergey.UITabsDemoUITests;
				PRODUCT_NAME = "$(TARGET_NAME)";
				SWIFT_VERSION = 5.0;
				TARGETED_DEVICE_FAMILY = "1,2";
				TEST_TARGET_NAME = UITabsDemo;
			};
			name = Debug;
		};
		40E6DD4725DFC67500F5C0B6 /* Release */ = {
			isa = XCBuildConfiguration;
			buildSettings = {
				ALWAYS_EMBED_SWIFT_STANDARD_LIBRARIES = YES;
				CODE_SIGN_STYLE = Automatic;
				INFOPLIST_FILE = UITabsDemoUITests/Info.plist;
				LD_RUNPATH_SEARCH_PATHS = (
					"$(inherited)",
					"@executable_path/Frameworks",
					"@loader_path/Frameworks",
				);
				PRODUCT_BUNDLE_IDENTIFIER = com.sergey.UITabsDemoUITests;
				PRODUCT_NAME = "$(TARGET_NAME)";
				SWIFT_VERSION = 5.0;
				TARGETED_DEVICE_FAMILY = "1,2";
				TEST_TARGET_NAME = UITabsDemo;
			};
			name = Release;
		};
/* End XCBuildConfiguration section */

/* Begin XCConfigurationList section */
		40E6DD1025DFC67300F5C0B6 /* Build configuration list for PBXProject "UITabsDemo" */ = {
			isa = XCConfigurationList;
			buildConfigurations = (
				40E6DD3D25DFC67500F5C0B6 /* Debug */,
				40E6DD3E25DFC67500F5C0B6 /* Release */,
			);
			defaultConfigurationIsVisible = 0;
			defaultConfigurationName = Release;
		};
		40E6DD3F25DFC67500F5C0B6 /* Build configuration list for PBXNativeTarget "UITabsDemo" */ = {
			isa = XCConfigurationList;
			buildConfigurations = (
				40E6DD4025DFC67500F5C0B6 /* Debug */,
				40E6DD4125DFC67500F5C0B6 /* Release */,
			);
			defaultConfigurationIsVisible = 0;
			defaultConfigurationName = Release;
		};
		40E6DD4225DFC67500F5C0B6 /* Build configuration list for PBXNativeTarget "UITabsDemoTests" */ = {
			isa = XCConfigurationList;
			buildConfigurations = (
				40E6DD4325DFC67500F5C0B6 /* Debug */,
				40E6DD4425DFC67500F5C0B6 /* Release */,
			);
			defaultConfigurationIsVisible = 0;
			defaultConfigurationName = Release;
		};
		40E6DD4525DFC67500F5C0B6 /* Build configuration list for PBXNativeTarget "UITabsDemoUITests" */ = {
			isa = XCConfigurationList;
			buildConfigurations = (
				40E6DD4625DFC67500F5C0B6 /* Debug */,
				40E6DD4725DFC67500F5C0B6 /* Release */,
			);
			defaultConfigurationIsVisible = 0;
			defaultConfigurationName = Release;
		};
/* End XCConfigurationList section */
	};
	rootObject = 40E6DD0D25DFC67300F5C0B6 /* Project object */;
}
